
Microsoft Visual Studio Solution File, Format Version 12.00
# Visual Studio 15
VisualStudioVersion = 15.0.28307.271
MinimumVisualStudioVersion = 10.0.40219.1
Project("{FAE04EC0-301F-11D3-BF4B-00C04F79EFBC}") = "01_Persons", "01_Persons\01_Persons.csproj", "{3543EBC2-0D0A-418A-848F-5EF7384E5EE8}"
EndProject
Project("{FAE04EC0-301F-11D3-BF4B-00C04F79EFBC}") = "02_Salary", "02_Salary\02_Salary.csproj", "{368FF1C4-9D45-467A-B549-D7E79A2692EB}"
EndProject
Project("{FAE04EC0-301F-11D3-BF4B-00C04F79EFBC}") = "03_Validation", "03_Validation\03_Validation.csproj", "{8DF5721B-1076-43E5-8F50-5B9463B8DA4D}"
EndProject
Project("{FAE04EC0-301F-11D3-BF4B-00C04F79EFBC}") = "04_Team", "04_Team\04_Team.csproj", "{8C727FD6-075C-49C5-B8E7-6547C52DFEF2}"
EndProject
Global
	GlobalSection(SolutionConfigurationPlatforms) = preSolution
		Debug|Any CPU = Debug|Any CPU
		Release|Any CPU = Release|Any CPU
	EndGlobalSection
	GlobalSection(ProjectConfigurationPlatforms) = postSolution
		{3543EBC2-0D0A-418A-848F-5EF7384E5EE8}.Debug|Any CPU.ActiveCfg = Debug|Any CPU
		{3543EBC2-0D0A-418A-848F-5EF7384E5EE8}.Debug|Any CPU.Build.0 = Debug|Any CPU
		{3543EBC2-0D0A-418A-848F-5EF7384E5EE8}.Release|Any CPU.ActiveCfg = Release|Any CPU
		{3543EBC2-0D0A-418A-848F-5EF7384E5EE8}.Release|Any CPU.Build.0 = Release|Any CPU
		{368FF1C4-9D45-467A-B549-D7E79A2692EB}.Debug|Any CPU.ActiveCfg = Debug|Any CPU
		{368FF1C4-9D45-467A-B549-D7E79A2692EB}.Debug|Any CPU.Build.0 = Debug|Any CPU
		{368FF1C4-9D45-467A-B549-D7E79A2692EB}.Release|Any CPU.ActiveCfg = Release|Any CPU
		{368FF1C4-9D45-467A-B549-D7E79A2692EB}.Release|Any CPU.Build.0 = Release|Any CPU
		{8DF5721B-1076-43E5-8F50-5B9463B8DA4D}.Debug|Any CPU.ActiveCfg = Debug|Any CPU
		{8DF5721B-1076-43E5-8F50-5B9463B8DA4D}.Debug|Any CPU.Build.0 = Debug|Any CPU
		{8DF5721B-1076-43E5-8F50-5B9463B8DA4D}.Release|Any CPU.ActiveCfg = Release|Any CPU
		{8DF5721B-1076-43E5-8F50-5B9463B8DA4D}.Release|Any CPU.Build.0 = Release|Any CPU
		{8C727FD6-075C-49C5-B8E7-6547C52DFEF2}.Debug|Any CPU.ActiveCfg = Debug|Any CPU
		{8C727FD6-075C-49C5-B8E7-6547C52DFEF2}.Debug|Any CPU.Build.0 = Debug|Any CPU
		{8C727FD6-075C-49C5-B8E7-6547C52DFEF2}.Release|Any CPU.ActiveCfg = Release|Any CPU
		{8C727FD6-075C-49C5-B8E7-6547C52DFEF2}.Release|Any CPU.Build.0 = Release|Any CPU
	EndGlobalSection
	GlobalSection(SolutionProperties) = preSolution
		HideSolutionNode = FALSE
	EndGlobalSection
	GlobalSection(ExtensibilityGlobals) = postSolution
		SolutionGuid = {F92A829B-6C74-43C1-BD90-BA9D92F26650}
	EndGlobalSection
EndGlobal
