
Microsoft Visual Studio Solution File, Format Version 12.00
# Visual Studio 15
VisualStudioVersion = 15.0.28307.271
MinimumVisualStudioVersion = 10.0.40219.1
Project("{9A19103F-16F7-4668-BE54-9A1E7A4F7556}") = "01ClassBox", "01ClassBox\01ClassBox.csproj", "{C5A87434-D3AB-49ED-AB34-A8E9055D5600}"
EndProject
Project("{9A19103F-16F7-4668-BE54-9A1E7A4F7556}") = "02ClassBoxDataValidation", "02ClassBoxDataValidation\02ClassBoxDataValidation.csproj", "{2421EEDA-8143-4C85-A1CD-8C4629BD618D}"
EndProject
Project("{9A19103F-16F7-4668-BE54-9A1E7A4F7556}") = "04ShoppingSpree", "04ShoppingSpree\04ShoppingSpree.csproj", "{82228BDB-0E65-49B1-A42E-8A4BED80D929}"
EndProject
Project("{9A19103F-16F7-4668-BE54-9A1E7A4F7556}") = "05_Pizza_Calories", "05_Pizza_Calories\05_Pizza_Calories.csproj", "{F4FC3ACA-20CA-4C2C-A442-5D301A6ECD97}"
EndProject
Project("{FAE04EC0-301F-11D3-BF4B-00C04F79EFBC}") = "06_Football_Team_Generator", "06_Football_Team_Generator\06_Football_Team_Generator.csproj", "{AA3816E2-4238-48AC-A50C-0DBC359CCADD}"
EndProject
Global
	GlobalSection(SolutionConfigurationPlatforms) = preSolution
		Debug|Any CPU = Debug|Any CPU
		Release|Any CPU = Release|Any CPU
	EndGlobalSection
	GlobalSection(ProjectConfigurationPlatforms) = postSolution
		{C5A87434-D3AB-49ED-AB34-A8E9055D5600}.Debug|Any CPU.ActiveCfg = Debug|Any CPU
		{C5A87434-D3AB-49ED-AB34-A8E9055D5600}.Debug|Any CPU.Build.0 = Debug|Any CPU
		{C5A87434-D3AB-49ED-AB34-A8E9055D5600}.Release|Any CPU.ActiveCfg = Release|Any CPU
		{C5A87434-D3AB-49ED-AB34-A8E9055D5600}.Release|Any CPU.Build.0 = Release|Any CPU
		{2421EEDA-8143-4C85-A1CD-8C4629BD618D}.Debug|Any CPU.ActiveCfg = Debug|Any CPU
		{2421EEDA-8143-4C85-A1CD-8C4629BD618D}.Debug|Any CPU.Build.0 = Debug|Any CPU
		{2421EEDA-8143-4C85-A1CD-8C4629BD618D}.Release|Any CPU.ActiveCfg = Release|Any CPU
		{2421EEDA-8143-4C85-A1CD-8C4629BD618D}.Release|Any CPU.Build.0 = Release|Any CPU
		{82228BDB-0E65-49B1-A42E-8A4BED80D929}.Debug|Any CPU.ActiveCfg = Debug|Any CPU
		{82228BDB-0E65-49B1-A42E-8A4BED80D929}.Debug|Any CPU.Build.0 = Debug|Any CPU
		{82228BDB-0E65-49B1-A42E-8A4BED80D929}.Release|Any CPU.ActiveCfg = Release|Any CPU
		{82228BDB-0E65-49B1-A42E-8A4BED80D929}.Release|Any CPU.Build.0 = Release|Any CPU
		{F4FC3ACA-20CA-4C2C-A442-5D301A6ECD97}.Debug|Any CPU.ActiveCfg = Debug|Any CPU
		{F4FC3ACA-20CA-4C2C-A442-5D301A6ECD97}.Debug|Any CPU.Build.0 = Debug|Any CPU
		{F4FC3ACA-20CA-4C2C-A442-5D301A6ECD97}.Release|Any CPU.ActiveCfg = Release|Any CPU
		{F4FC3ACA-20CA-4C2C-A442-5D301A6ECD97}.Release|Any CPU.Build.0 = Release|Any CPU
		{AA3816E2-4238-48AC-A50C-0DBC359CCADD}.Debug|Any CPU.ActiveCfg = Debug|Any CPU
		{AA3816E2-4238-48AC-A50C-0DBC359CCADD}.Debug|Any CPU.Build.0 = Debug|Any CPU
		{AA3816E2-4238-48AC-A50C-0DBC359CCADD}.Release|Any CPU.ActiveCfg = Release|Any CPU
		{AA3816E2-4238-48AC-A50C-0DBC359CCADD}.Release|Any CPU.Build.0 = Release|Any CPU
	EndGlobalSection
	GlobalSection(SolutionProperties) = preSolution
		HideSolutionNode = FALSE
	EndGlobalSection
	GlobalSection(ExtensibilityGlobals) = postSolution
		SolutionGuid = {BE663693-9E80-439D-B230-A298ABF23A03}
	EndGlobalSection
EndGlobal
